{
  "originHash" : "6198f4b9eb3b616dde1d31c4431fd1068fab8a8378af547551ce7407a1189615",
  "pins" : [
    {
      "identity" : "playsdk",
      "kind" : "remoteSourceControl",
      "location" : "https://github.com/CreateWithPlayApp/PlaySDK.git",
      "state" : {
        "revision" : "3d173f53e7b1f5a2b69648a1487469f1c5857fc6",
        "version" : "0.12.1-beta"
      }
    }
  ],
  "version" : 3
}
